
Microsoft Visual Studio Solution File, Format Version 12.00
# Visual Studio 15
VisualStudioVersion = 15.0.27130.2024
MinimumVisualStudioVersion = 10.0.40219.1
Project("{FAE04EC0-301F-11D3-BF4B-00C04F79EFBC}") = "Clinica", "Clinica\Clinica.csproj", "{B158CE2A-C1BC-4B7A-9373-AE8ACC703014}"
EndProject
Project("{FAE04EC0-301F-11D3-BF4B-00C04F79EFBC}") = "Clinica.Modelo", "Clinica.Model\Clinica.Modelo.csproj", "{3A291516-71F9-49E3-A65F-F713353196E9}"
EndProject
Project("{FAE04EC0-301F-11D3-BF4B-00C04F79EFBC}") = "Clinica.Repositorio", "Clinica.Repositorio\Clinica.Repositorio.csproj", "{0D114B57-433D-4733-AADB-59A73080F3B0}"
EndProject
Global
	GlobalSection(SolutionConfigurationPlatforms) = preSolution
		Debug|Any CPU = Debug|Any CPU
		Release|Any CPU = Release|Any CPU
	EndGlobalSection
	GlobalSection(ProjectConfigurationPlatforms) = postSolution
		{B158CE2A-C1BC-4B7A-9373-AE8ACC703014}.Debug|Any CPU.ActiveCfg = Debug|Any CPU
		{B158CE2A-C1BC-4B7A-9373-AE8ACC703014}.Debug|Any CPU.Build.0 = Debug|Any CPU
		{B158CE2A-C1BC-4B7A-9373-AE8ACC703014}.Release|Any CPU.ActiveCfg = Release|Any CPU
		{B158CE2A-C1BC-4B7A-9373-AE8ACC703014}.Release|Any CPU.Build.0 = Release|Any CPU
		{3A291516-71F9-49E3-A65F-F713353196E9}.Debug|Any CPU.ActiveCfg = Debug|Any CPU
		{3A291516-71F9-49E3-A65F-F713353196E9}.Debug|Any CPU.Build.0 = Debug|Any CPU
		{3A291516-71F9-49E3-A65F-F713353196E9}.Release|Any CPU.ActiveCfg = Release|Any CPU
		{3A291516-71F9-49E3-A65F-F713353196E9}.Release|Any CPU.Build.0 = Release|Any CPU
		{0D114B57-433D-4733-AADB-59A73080F3B0}.Debug|Any CPU.ActiveCfg = Debug|Any CPU
		{0D114B57-433D-4733-AADB-59A73080F3B0}.Debug|Any CPU.Build.0 = Debug|Any CPU
		{0D114B57-433D-4733-AADB-59A73080F3B0}.Release|Any CPU.ActiveCfg = Release|Any CPU
		{0D114B57-433D-4733-AADB-59A73080F3B0}.Release|Any CPU.Build.0 = Release|Any CPU
	EndGlobalSection
	GlobalSection(SolutionProperties) = preSolution
		HideSolutionNode = FALSE
	EndGlobalSection
	GlobalSection(ExtensibilityGlobals) = postSolution
		SolutionGuid = {3CDAD489-FC11-4A3E-9A93-72D2C07FD3AF}
	EndGlobalSection
EndGlobal
